// !$*UTF8*$!
{
	archiveVersion = 1;
	classes = {
	};
	objectVersion = 46;
	objects = {

/* Begin PBXBuildFile section */
		04C17AC21A35E2C500E27EED /* main.m in Sources */ = {isa = PBXBuildFile; fileRef = 04C17AC11A35E2C500E27EED /* main.m */; };
		04C17AC51A35E2C500E27EED /* AppDelegate.m in Sources */ = {isa = PBXBuildFile; fileRef = 04C17AC41A35E2C500E27EED /* AppDelegate.m */; };
		04C17AC81A35E2C500E27EED /* FirstViewController.m in Sources */ = {isa = PBXBuildFile; fileRef = 04C17AC71A35E2C500E27EED /* FirstViewController.m */; };
		04C17ACB1A35E2C500E27EED /* SecondViewController.m in Sources */ = {isa = PBXBuildFile; fileRef = 04C17ACA1A35E2C500E27EED /* SecondViewController.m */; };
		04C17ACE1A35E2C500E27EED /* Main.storyboard in Resources */ = {isa = PBXBuildFile; fileRef = 04C17ACC1A35E2C500E27EED /* Main.storyboard */; };
		04C17AD01A35E2C500E27EED /* Images.xcassets in Resources */ = {isa = PBXBuildFile; fileRef = 04C17ACF1A35E2C500E27EED /* Images.xcassets */; };
		04C17AD31A35E2C500E27EED /* LaunchScreen.xib in Resources */ = {isa = PBXBuildFile; fileRef = 04C17AD11A35E2C500E27EED /* LaunchScreen.xib */; };
		04C17ADF1A35E2C500E27EED /* MyWalletTests.m in Sources */ = {isa = PBXBuildFile; fileRef = 04C17ADE1A35E2C500E27EED /* MyWalletTests.m */; };
		04C17AEA1A375E9B00E27EED /* ReportsViewController.m in Sources */ = {isa = PBXBuildFile; fileRef = 04C17AE91A375E9B00E27EED /* ReportsViewController.m */; };
/* End PBXBuildFile section */

/* Begin PBXContainerItemProxy section */
		04C17AD91A35E2C500E27EED /* PBXContainerItemProxy */ = {
			isa = PBXContainerItemProxy;
			containerPortal = 04C17AB41A35E2C500E27EED /* Project object */;
			proxyType = 1;
			remoteGlobalIDString = 04C17ABB1A35E2C500E27EED;
			remoteInfo = MyWallet;
		};
/* End PBXContainerItemProxy section */

/* Begin PBXFileReference section */
		04C17ABC1A35E2C500E27EED /* MyWallet.app */ = {isa = PBXFileReference; explicitFileType = wrapper.application; includeInIndex = 0; path = MyWallet.app; sourceTree = BUILT_PRODUCTS_DIR; };
		04C17AC01A35E2C500E27EED /* Info.plist */ = {isa = PBXFileReference; lastKnownFileType = text.plist.xml; path = Info.plist; sourceTree = "<group>"; };
		04C17AC11A35E2C500E27EED /* main.m */ = {isa = PBXFileReference; lastKnownFileType = sourcecode.c.objc; path = main.m; sourceTree = "<group>"; };
		04C17AC31A35E2C500E27EED /* AppDelegate.h */ = {isa = PBXFileReference; lastKnownFileType = sourcecode.c.h; path = AppDelegate.h; sourceTree = "<group>"; };
		04C17AC41A35E2C500E27EED /* AppDelegate.m */ = {isa = PBXFileReference; lastKnownFileType = sourcecode.c.objc; path = AppDelegate.m; sourceTree = "<group>"; };
		04C17AC61A35E2C500E27EED /* FirstViewController.h */ = {isa = PBXFileReference; lastKnownFileType = sourcecode.c.h; path = FirstViewController.h; sourceTree = "<group>"; };
		04C17AC71A35E2C500E27EED /* FirstViewController.m */ = {isa = PBXFileReference; lastKnownFileType = sourcecode.c.objc; path = FirstViewController.m; sourceTree = "<group>"; };
		04C17AC91A35E2C500E27EED /* SecondViewController.h */ = {isa = PBXFileReference; lastKnownFileType = sourcecode.c.h; path = SecondViewController.h; sourceTree = "<group>"; };
		04C17ACA1A35E2C500E27EED /* SecondViewController.m */ = {isa = PBXFileReference; lastKnownFileType = sourcecode.c.objc; path = SecondViewController.m; sourceTree = "<group>"; };
		04C17ACD1A35E2C500E27EED /* Base */ = {isa = PBXFileReference; lastKnownFileType = file.storyboard; name = Base; path = Base.lproj/Main.storyboard; sourceTree = "<group>"; };
		04C17ACF1A35E2C500E27EED /* Images.xcassets */ = {isa = PBXFileReference; lastKnownFileType = folder.assetcatalog; path = Images.xcassets; sourceTree = "<group>"; };
		04C17AD21A35E2C500E27EED /* Base */ = {isa = PBXFileReference; lastKnownFileType = file.xib; name = Base; path = Base.lproj/LaunchScreen.xib; sourceTree = "<group>"; };
		04C17AD81A35E2C500E27EED /* MyWalletTests.xctest */ = {isa = PBXFileReference; explicitFileType = wrapper.cfbundle; includeInIndex = 0; path = MyWalletTests.xctest; sourceTree = BUILT_PRODUCTS_DIR; };
		04C17ADD1A35E2C500E27EED /* Info.plist */ = {isa = PBXFileReference; lastKnownFileType = text.plist.xml; path = Info.plist; sourceTree = "<group>"; };
		04C17ADE1A35E2C500E27EED /* MyWalletTests.m */ = {isa = PBXFileReference; lastKnownFileType = sourcecode.c.objc; path = MyWalletTests.m; sourceTree = "<group>"; };
		04C17AE81A375E9B00E27EED /* ReportsViewController.h */ = {isa = PBXFileReference; fileEncoding = 4; lastKnownFileType = sourcecode.c.h; path = ReportsViewController.h; sourceTree = "<group>"; };
		04C17AE91A375E9B00E27EED /* ReportsViewController.m */ = {isa = PBXFileReference; fileEncoding = 4; lastKnownFileType = sourcecode.c.objc; path = ReportsViewController.m; sourceTree = "<group>"; };
/* End PBXFileReference section */

/* Begin PBXFrameworksBuildPhase section */
		04C17AB91A35E2C500E27EED /* Frameworks */ = {
			isa = PBXFrameworksBuildPhase;
			buildActionMask = 2147483647;
			files = (
			);
			runOnlyForDeploymentPostprocessing = 0;
		};
		04C17AD51A35E2C500E27EED /* Frameworks */ = {
			isa = PBXFrameworksBuildPhase;
			buildActionMask = 2147483647;
			files = (
			);
			runOnlyForDeploymentPostprocessing = 0;
		};
/* End PBXFrameworksBuildPhase section */

/* Begin PBXGroup section */
		04C17AB31A35E2C500E27EED = {
			isa = PBXGroup;
			children = (
				04C17ABE1A35E2C500E27EED /* MyWallet */,
				04C17ADB1A35E2C500E27EED /* MyWalletTests */,
				04C17ABD1A35E2C500E27EED /* Products */,
			);
			sourceTree = "<group>";
		};
		04C17ABD1A35E2C500E27EED /* Products */ = {
			isa = PBXGroup;
			children = (
				04C17ABC1A35E2C500E27EED /* MyWallet.app */,
				04C17AD81A35E2C500E27EED /* MyWalletTests.xctest */,
			);
			name = Products;
			sourceTree = "<group>";
		};
		04C17ABE1A35E2C500E27EED /* MyWallet */ = {
			isa = PBXGroup;
			children = (
				04C17AC31A35E2C500E27EED /* AppDelegate.h */,
				04C17AC41A35E2C500E27EED /* AppDelegate.m */,
				04C17AC61A35E2C500E27EED /* FirstViewController.h */,
				04C17AC71A35E2C500E27EED /* FirstViewController.m */,
				04C17AC91A35E2C500E27EED /* SecondViewController.h */,
				04C17ACA1A35E2C500E27EED /* SecondViewController.m */,
				04C17AE81A375E9B00E27EED /* ReportsViewController.h */,
				04C17AE91A375E9B00E27EED /* ReportsViewController.m */,
				04C17ACC1A35E2C500E27EED /* Main.storyboard */,
				04C17ACF1A35E2C500E27EED /* Images.xcassets */,
				04C17AD11A35E2C500E27EED /* LaunchScreen.xib */,
				04C17ABF1A35E2C500E27EED /* Supporting Files */,
			);
			path = MyWallet;
			sourceTree = "<group>";
		};
		04C17ABF1A35E2C500E27EED /* Supporting Files */ = {
			isa = PBXGroup;
			children = (
				04C17AC01A35E2C500E27EED /* Info.plist */,
				04C17AC11A35E2C500E27EED /* main.m */,
			);
			name = "Supporting Files";
			sourceTree = "<group>";
		};
		04C17ADB1A35E2C500E27EED /* MyWalletTests */ = {
			isa = PBXGroup;
			children = (
				04C17ADE1A35E2C500E27EED /* MyWalletTests.m */,
				04C17ADC1A35E2C500E27EED /* Supporting Files */,
			);
			path = MyWalletTests;
			sourceTree = "<group>";
		};
		04C17ADC1A35E2C500E27EED /* Supporting Files */ = {
			isa = PBXGroup;
			children = (
				04C17ADD1A35E2C500E27EED /* Info.plist */,
			);
			name = "Supporting Files";
			sourceTree = "<group>";
		};
/* End PBXGroup section */

/* Begin PBXNativeTarget section */
		04C17ABB1A35E2C500E27EED /* MyWallet */ = {
			isa = PBXNativeTarget;
			buildConfigurationList = 04C17AE21A35E2C500E27EED /* Build configuration list for PBXNativeTarget "MyWallet" */;
			buildPhases = (
				04C17AB81A35E2C500E27EED /* Sources */,
				04C17AB91A35E2C500E27EED /* Frameworks */,
				04C17ABA1A35E2C500E27EED /* Resources */,
			);
			buildRules = (
			);
			dependencies = (
			);
			name = MyWallet;
			productName = MyWallet;
			productReference = 04C17ABC1A35E2C500E27EED /* MyWallet.app */;
			productType = "com.apple.product-type.application";
		};
		04C17AD71A35E2C500E27EED /* MyWalletTests */ = {
			isa = PBXNativeTarget;
			buildConfigurationList = 04C17AE51A35E2C500E27EED /* Build configuration list for PBXNativeTarget "MyWalletTests" */;
			buildPhases = (
				04C17AD41A35E2C500E27EED /* Sources */,
				04C17AD51A35E2C500E27EED /* Frameworks */,
				04C17AD61A35E2C500E27EED /* Resources */,
			);
			buildRules = (
			);
			dependencies = (
				04C17ADA1A35E2C500E27EED /* PBXTargetDependency */,
			);
			name = MyWalletTests;
			productName = MyWalletTests;
			productReference = 04C17AD81A35E2C500E27EED /* MyWalletTests.xctest */;
			productType = "com.apple.product-type.bundle.unit-test";
		};
/* End PBXNativeTarget section */

/* Begin PBXProject section */
		04C17AB41A35E2C500E27EED /* Project object */ = {
			isa = PBXProject;
			attributes = {
				LastUpgradeCheck = 0610;
				ORGANIZATIONNAME = "Volodymyr Parlah";
				TargetAttributes = {
					04C17ABB1A35E2C500E27EED = {
						CreatedOnToolsVersion = 6.1;
					};
					04C17AD71A35E2C500E27EED = {
						CreatedOnToolsVersion = 6.1;
						TestTargetID = 04C17ABB1A35E2C500E27EED;
					};
				};
			};
			buildConfigurationList = 04C17AB71A35E2C500E27EED /* Build configuration list for PBXProject "MyWallet" */;
			compatibilityVersion = "Xcode 3.2";
			developmentRegion = English;
			hasScannedForEncodings = 0;
			knownRegions = (
				en,
				Base,
			);
			mainGroup = 04C17AB31A35E2C500E27EED;
			productRefGroup = 04C17ABD1A35E2C500E27EED /* Products */;
			projectDirPath = "";
			projectRoot = "";
			targets = (
				04C17ABB1A35E2C500E27EED /* MyWallet */,
				04C17AD71A35E2C500E27EED /* MyWalletTests */,
			);
		};
/* End PBXProject section */

/* Begin PBXResourcesBuildPhase section */
		04C17ABA1A35E2C500E27EED /* Resources */ = {
			isa = PBXResourcesBuildPhase;
			buildActionMask = 2147483647;
			files = (
				04C17ACE1A35E2C500E27EED /* Main.storyboard in Resources */,
				04C17AD31A35E2C500E27EED /* LaunchScreen.xib in Resources */,
				04C17AD01A35E2C500E27EED /* Images.xcassets in Resources */,
			);
			runOnlyForDeploymentPostprocessing = 0;
		};
		04C17AD61A35E2C500E27EED /* Resources */ = {
			isa = PBXResourcesBuildPhase;
			buildActionMask = 2147483647;
			files = (
			);
			runOnlyForDeploymentPostprocessing = 0;
		};
/* End PBXResourcesBuildPhase section */

/* Begin PBXSourcesBuildPhase section */
		04C17AB81A35E2C500E27EED /* Sources */ = {
			isa = PBXSourcesBuildPhase;
			buildActionMask = 2147483647;
			files = (
				04C17ACB1A35E2C500E27EED /* SecondViewController.m in Sources */,
				04C17AC51A35E2C500E27EED /* AppDelegate.m in Sources */,
				04C17AC81A35E2C500E27EED /* FirstViewController.m in Sources */,
				04C17AC21A35E2C500E27EED /* main.m in Sources */,
				04C17AEA1A375E9B00E27EED /* ReportsViewController.m in Sources */,
			);
			runOnlyForDeploymentPostprocessing = 0;
		};
		04C17AD41A35E2C500E27EED /* Sources */ = {
			isa = PBXSourcesBuildPhase;
			buildActionMask = 2147483647;
			files = (
				04C17ADF1A35E2C500E27EED /* MyWalletTests.m in Sources */,
			);
			runOnlyForDeploymentPostprocessing = 0;
		};
/* End PBXSourcesBuildPhase section */

/* Begin PBXTargetDependency section */
		04C17ADA1A35E2C500E27EED /* PBXTargetDependency */ = {
			isa = PBXTargetDependency;
			target = 04C17ABB1A35E2C500E27EED /* MyWallet */;
			targetProxy = 04C17AD91A35E2C500E27EED /* PBXContainerItemProxy */;
		};
/* End PBXTargetDependency section */

/* Begin PBXVariantGroup section */
		04C17ACC1A35E2C500E27EED /* Main.storyboard */ = {
			isa = PBXVariantGroup;
			children = (
				04C17ACD1A35E2C500E27EED /* Base */,
			);
			name = Main.storyboard;
			sourceTree = "<group>";
		};
		04C17AD11A35E2C500E27EED /* LaunchScreen.xib */ = {
			isa = PBXVariantGroup;
			children = (
				04C17AD21A35E2C500E27EED /* Base */,
			);
			name = LaunchScreen.xib;
			sourceTree = "<group>";
		};
/* End PBXVariantGroup section */

/* Begin XCBuildConfiguration section */
		04C17AE01A35E2C500E27EED /* Debug */ = {
			isa = XCBuildConfiguration;
			buildSettings = {
				ALWAYS_SEARCH_USER_PATHS = NO;
				CLANG_CXX_LANGUAGE_STANDARD = "gnu++0x";
				CLANG_CXX_LIBRARY = "libc++";
				CLANG_ENABLE_MODULES = YES;
				CLANG_ENABLE_OBJC_ARC = YES;
				CLANG_WARN_BOOL_CONVERSION = YES;
				CLANG_WARN_CONSTANT_CONVERSION = YES;
				CLANG_WARN_DIRECT_OBJC_ISA_USAGE = YES_ERROR;
				CLANG_WARN_EMPTY_BODY = YES;
				CLANG_WARN_ENUM_CONVERSION = YES;
				CLANG_WARN_INT_CONVERSION = YES;
				CLANG_WARN_OBJC_ROOT_CLASS = YES_ERROR;
				CLANG_WARN_UNREACHABLE_CODE = YES;
				CLANG_WARN__DUPLICATE_METHOD_MATCH = YES;
				"CODE_SIGN_IDENTITY[sdk=iphoneos*]" = "iPhone Developer";
				COPY_PHASE_STRIP = NO;
				ENABLE_STRICT_OBJC_MSGSEND = YES;
				GCC_C_LANGUAGE_STANDARD = gnu99;
				GCC_DYNAMIC_NO_PIC = NO;
				GCC_OPTIMIZATION_LEVEL = 0;
				GCC_PREPROCESSOR_DEFINITIONS = (
					"DEBUG=1",
					"$(inherited)",
				);
				GCC_SYMBOLS_PRIVATE_EXTERN = NO;
				GCC_WARN_64_TO_32_BIT_CONVERSION = YES;
				GCC_WARN_ABOUT_RETURN_TYPE = YES_ERROR;
				GCC_WARN_UNDECLARED_SELECTOR = YES;
				GCC_WARN_UNINITIALIZED_AUTOS = YES_AGGRESSIVE;
				GCC_WARN_UNUSED_FUNCTION = YES;
				GCC_WARN_UNUSED_VARIABLE = YES;
				IPHONEOS_DEPLOYMENT_TARGET = 8.1;
				MTL_ENABLE_DEBUG_INFO = YES;
				ONLY_ACTIVE_ARCH = YES;
				SDKROOT = iphoneos;
			};
			name = Debug;
		};
		04C17AE11A35E2C500E27EED /* Release */ = {
			isa = XCBuildConfiguration;
			buildSettings = {
				ALWAYS_SEARCH_USER_PATHS = NO;
				CLANG_CXX_LANGUAGE_STANDARD = "gnu++0x";
				CLANG_CXX_LIBRARY = "libc++";
				CLANG_ENABLE_MODULES = YES;
				CLANG_ENABLE_OBJC_ARC = YES;
				CLANG_WARN_BOOL_CONVERSION = YES;
				CLANG_WARN_CONSTANT_CONVERSION = YES;
				CLANG_WARN_DIRECT_OBJC_ISA_USAGE = YES_ERROR;
				CLANG_WARN_EMPTY_BODY = YES;
				CLANG_WARN_ENUM_CONVERSION = YES;
				CLANG_WARN_INT_CONVERSION = YES;
				CLANG_WARN_OBJC_ROOT_CLASS = YES_ERROR;
				CLANG_WARN_UNREACHABLE_CODE = YES;
				CLANG_WARN__DUPLICATE_METHOD_MATCH = YES;
				"CODE_SIGN_IDENTITY[sdk=iphoneos*]" = "iPhone Developer";
				COPY_PHASE_STRIP = YES;
				ENABLE_NS_ASSERTIONS = NO;
				ENABLE_STRICT_OBJC_MSGSEND = YES;
				GCC_C_LANGUAGE_STANDARD = gnu99;
				GCC_WARN_64_TO_32_BIT_CONVERSION = YES;
				GCC_WARN_ABOUT_RETURN_TYPE = YES_ERROR;
				GCC_WARN_UNDECLARED_SELECTOR = YES;
				GCC_WARN_UNINITIALIZED_AUTOS = YES_AGGRESSIVE;
				GCC_WARN_UNUSED_FUNCTION = YES;
				GCC_WARN_UNUSED_VARIABLE = YES;
				IPHONEOS_DEPLOYMENT_TARGET = 8.1;
				MTL_ENABLE_DEBUG_INFO = NO;
				SDKROOT = iphoneos;
				VALIDATE_PRODUCT = YES;
			};
			name = Release;
		};
		04C17AE31A35E2C500E27EED /* Debug */ = {
			isa = XCBuildConfiguration;
			buildSettings = {
				ASSETCATALOG_COMPILER_APPICON_NAME = AppIcon;
				INFOPLIST_FILE = MyWallet/Info.plist;
				LD_RUNPATH_SEARCH_PATHS = "$(inherited) @executable_path/Frameworks";
				PRODUCT_NAME = "$(TARGET_NAME)";
			};
			name = Debug;
		};
		04C17AE41A35E2C500E27EED /* Release */ = {
			isa = XCBuildConfiguration;
			buildSettings = {
				ASSETCATALOG_COMPILER_APPICON_NAME = AppIcon;
				INFOPLIST_FILE = MyWallet/Info.plist;
				LD_RUNPATH_SEARCH_PATHS = "$(inherited) @executable_path/Frameworks";
				PRODUCT_NAME = "$(TARGET_NAME)";
			};
			name = Release;
		};
		04C17AE61A35E2C500E27EED /* Debug */ = {
			isa = XCBuildConfiguration;
			buildSettings = {
				BUNDLE_LOADER = "$(TEST_HOST)";
				FRAMEWORK_SEARCH_PATHS = (
					"$(SDKROOT)/Developer/Library/Frameworks",
					"$(inherited)",
				);
				GCC_PREPROCESSOR_DEFINITIONS = (
					"DEBUG=1",
					"$(inherited)",
				);
				INFOPLIST_FILE = MyWalletTests/Info.plist;
				LD_RUNPATH_SEARCH_PATHS = "$(inherited) @executable_path/Frameworks @loader_path/Frameworks";
				PRODUCT_NAME = "$(TARGET_NAME)";
				TEST_HOST = "$(BUILT_PRODUCTS_DIR)/MyWallet.app/MyWallet";
			};
			name = Debug;
		};
		04C17AE71A35E2C500E27EED /* Release */ = {
			isa = XCBuildConfiguration;
			buildSettings = {
				BUNDLE_LOADER = "$(TEST_HOST)";
				FRAMEWORK_SEARCH_PATHS = (
					"$(SDKROOT)/Developer/Library/Frameworks",
					"$(inherited)",
				);
				INFOPLIST_FILE = MyWalletTests/Info.plist;
				LD_RUNPATH_SEARCH_PATHS = "$(inherited) @executable_path/Frameworks @loader_path/Frameworks";
				PRODUCT_NAME = "$(TARGET_NAME)";
				TEST_HOST = "$(BUILT_PRODUCTS_DIR)/MyWallet.app/MyWallet";
			};
			name = Release;
		};
/* End XCBuildConfiguration section */

/* Begin XCConfigurationList section */
		04C17AB71A35E2C500E27EED /* Build configuration list for PBXProject "MyWallet" */ = {
			isa = XCConfigurationList;
			buildConfigurations = (
				04C17AE01A35E2C500E27EED /* Debug */,
				04C17AE11A35E2C500E27EED /* Release */,
			);
			defaultConfigurationIsVisible = 0;
			defaultConfigurationName = Release;
		};
		04C17AE21A35E2C500E27EED /* Build configuration list for PBXNativeTarget "MyWallet" */ = {
			isa = XCConfigurationList;
			buildConfigurations = (
				04C17AE31A35E2C500E27EED /* Debug */,
				04C17AE41A35E2C500E27EED /* Release */,
			);
			defaultConfigurationIsVisible = 0;
			defaultConfigurationName = Release;
		};
		04C17AE51A35E2C500E27EED /* Build configuration list for PBXNativeTarget "MyWalletTests" */ = {
			isa = XCConfigurationList;
			buildConfigurations = (
				04C17AE61A35E2C500E27EED /* Debug */,
				04C17AE71A35E2C500E27EED /* Release */,
			);
			defaultConfigurationIsVisible = 0;
			defaultConfigurationName = Release;
		};
/* End XCConfigurationList section */
	};
	rootObject = 04C17AB41A35E2C500E27EED /* Project object */;
}
